
Microsoft Visual Studio Solution File, Format Version 12.00
# Visual Studio Version 17
VisualStudioVersion = 17.14.36310.24 d17.14
MinimumVisualStudioVersion = 10.0.40219.1
Project("{FAE04EC0-301F-11D3-BF4B-00C04F79EFBC}") = "IndianMusic.WebApp", "IndianMusic.WebApp.csproj", "{97AF028A-83C2-46F0-B922-80C31AD2D4DF}"
EndProject
Global
	GlobalSection(SolutionConfigurationPlatforms) = preSolution
		Debug|Any CPU = Debug|Any CPU
		Release|Any CPU = Release|Any CPU
	EndGlobalSection
	GlobalSection(ProjectConfigurationPlatforms) = postSolution
		{97AF028A-83C2-46F0-B922-80C31AD2D4DF}.Debug|Any CPU.ActiveCfg = Debug|Any CPU
		{97AF028A-83C2-46F0-B922-80C31AD2D4DF}.Debug|Any CPU.Build.0 = Debug|Any CPU
		{97AF028A-83C2-46F0-B922-80C31AD2D4DF}.Release|Any CPU.ActiveCfg = Release|Any CPU
		{97AF028A-83C2-46F0-B922-80C31AD2D4DF}.Release|Any CPU.Build.0 = Release|Any CPU
	EndGlobalSection
	GlobalSection(SolutionProperties) = preSolution
		HideSolutionNode = FALSE
	EndGlobalSection
	GlobalSection(ExtensibilityGlobals) = postSolution
		SolutionGuid = {500F4572-3909-43A8-98AD-E27269414DB4}
	EndGlobalSection
EndGlobal
